{
  "version": "2",
  "remote": {
    "https://deno.land/std@0.159.0/dotenv/load.ts": "9adeb1fb395f991f958a06c8b3adafdcbac0056e7a6a35bf9d33eab6347ef63c",
    "https://deno.land/std@0.159.0/dotenv/mod.ts": "e95086c624dfebc78006f239dfc1da8644fb73d3c5557535ce2b2509e7a2975f",
    "https://deno.land/std@0.159.0/dotenv/util.ts": "6cc392f087577a26a27f0463f77cc0c31a390aa055917099935b36eb2454592d"
  }
}
